
Microsoft Visual Studio Solution File, Format Version 12.00
# Visual Studio 14
VisualStudioVersion = 14.0.25420.1
MinimumVisualStudioVersion = 10.0.40219.1
Project("{FAE04EC0-301F-11D3-BF4B-00C04F79EFBC}") = "mobileapp", "mobileapp\mobileapp\mobileapp.csproj", "{0974A25B-AB74-4840-A7FE-84F84C2F8F65}"
EndProject
Project("{FAE04EC0-301F-11D3-BF4B-00C04F79EFBC}") = "mobileapp.Droid", "mobileapp\mobileapp.Droid\mobileapp.Droid.csproj", "{8D750D15-184B-421D-91A0-3D4E0E4028D8}"
EndProject
Project("{FAE04EC0-301F-11D3-BF4B-00C04F79EFBC}") = "mobileapp.iOS", "mobileapp\mobileapp.iOS\mobileapp.iOS.csproj", "{F9F991C9-D56C-4E17-AB00-C45AD16D302C}"
EndProject
Project("{FAE04EC0-301F-11D3-BF4B-00C04F79EFBC}") = "mobileapp.WinPhone", "mobileapp\mobileapp.WinPhone\mobileapp.WinPhone.csproj", "{894D7033-E5AD-4733-AC70-7DC9E80C1B0A}"
EndProject
Project("{FAE04EC0-301F-11D3-BF4B-00C04F79EFBC}") = "mobileapp.UWP", "mobileapp\mobileapp.UWP\mobileapp.UWP.csproj", "{AEECB9DF-A784-45DC-91DD-8F0ACCDEC0C1}"
EndProject
Project("{FAE04EC0-301F-11D3-BF4B-00C04F79EFBC}") = "mobileapp.Windows", "mobileapp\mobileapp.Windows\mobileapp.Windows.csproj", "{C348296B-BFF1-4EE1-909D-B2179A06DFE2}"
EndProject
Global
	GlobalSection(SolutionConfigurationPlatforms) = preSolution
		Ad-Hoc|Any CPU = Ad-Hoc|Any CPU
		Ad-Hoc|ARM = Ad-Hoc|ARM
		Ad-Hoc|iPhone = Ad-Hoc|iPhone
		Ad-Hoc|iPhoneSimulator = Ad-Hoc|iPhoneSimulator
		Ad-Hoc|x64 = Ad-Hoc|x64
		Ad-Hoc|x86 = Ad-Hoc|x86
		AppStore|Any CPU = AppStore|Any CPU
		AppStore|ARM = AppStore|ARM
		AppStore|iPhone = AppStore|iPhone
		AppStore|iPhoneSimulator = AppStore|iPhoneSimulator
		AppStore|x64 = AppStore|x64
		AppStore|x86 = AppStore|x86
		Debug|Any CPU = Debug|Any CPU
		Debug|ARM = Debug|ARM
		Debug|iPhone = Debug|iPhone
		Debug|iPhoneSimulator = Debug|iPhoneSimulator
		Debug|x64 = Debug|x64
		Debug|x86 = Debug|x86
		Release|Any CPU = Release|Any CPU
		Release|ARM = Release|ARM
		Release|iPhone = Release|iPhone
		Release|iPhoneSimulator = Release|iPhoneSimulator
		Release|x64 = Release|x64
		Release|x86 = Release|x86
	EndGlobalSection
	GlobalSection(ProjectConfigurationPlatforms) = postSolution
		{0974A25B-AB74-4840-A7FE-84F84C2F8F65}.Ad-Hoc|Any CPU.ActiveCfg = Release|Any CPU
		{0974A25B-AB74-4840-A7FE-84F84C2F8F65}.Ad-Hoc|Any CPU.Build.0 = Release|Any CPU
		{0974A25B-AB74-4840-A7FE-84F84C2F8F65}.Ad-Hoc|ARM.ActiveCfg = Release|Any CPU
		{0974A25B-AB74-4840-A7FE-84F84C2F8F65}.Ad-Hoc|ARM.Build.0 = Release|Any CPU
		{0974A25B-AB74-4840-A7FE-84F84C2F8F65}.Ad-Hoc|iPhone.ActiveCfg = Release|Any CPU
		{0974A25B-AB74-4840-A7FE-84F84C2F8F65}.Ad-Hoc|iPhone.Build.0 = Release|Any CPU
		{0974A25B-AB74-4840-A7FE-84F84C2F8F65}.Ad-Hoc|iPhoneSimulator.ActiveCfg = Release|Any CPU
		{0974A25B-AB74-4840-A7FE-84F84C2F8F65}.Ad-Hoc|iPhoneSimulator.Build.0 = Release|Any CPU
		{0974A25B-AB74-4840-A7FE-84F84C2F8F65}.Ad-Hoc|x64.ActiveCfg = Release|Any CPU
		{0974A25B-AB74-4840-A7FE-84F84C2F8F65}.Ad-Hoc|x64.Build.0 = Release|Any CPU
		{0974A25B-AB74-4840-A7FE-84F84C2F8F65}.Ad-Hoc|x86.ActiveCfg = Release|Any CPU
		{0974A25B-AB74-4840-A7FE-84F84C2F8F65}.Ad-Hoc|x86.Build.0 = Release|Any CPU
		{0974A25B-AB74-4840-A7FE-84F84C2F8F65}.AppStore|Any CPU.ActiveCfg = Release|Any CPU
		{0974A25B-AB74-4840-A7FE-84F84C2F8F65}.AppStore|Any CPU.Build.0 = Release|Any CPU
		{0974A25B-AB74-4840-A7FE-84F84C2F8F65}.AppStore|ARM.ActiveCfg = Release|Any CPU
		{0974A25B-AB74-4840-A7FE-84F84C2F8F65}.AppStore|ARM.Build.0 = Release|Any CPU
		{0974A25B-AB74-4840-A7FE-84F84C2F8F65}.AppStore|iPhone.ActiveCfg = Release|Any CPU
		{0974A25B-AB74-4840-A7FE-84F84C2F8F65}.AppStore|iPhone.Build.0 = Release|Any CPU
		{0974A25B-AB74-4840-A7FE-84F84C2F8F65}.AppStore|iPhoneSimulator.ActiveCfg = Release|Any CPU
		{0974A25B-AB74-4840-A7FE-84F84C2F8F65}.AppStore|iPhoneSimulator.Build.0 = Release|Any CPU
		{0974A25B-AB74-4840-A7FE-84F84C2F8F65}.AppStore|x64.ActiveCfg = Release|Any CPU
		{0974A25B-AB74-4840-A7FE-84F84C2F8F65}.AppStore|x64.Build.0 = Release|Any CPU
		{0974A25B-AB74-4840-A7FE-84F84C2F8F65}.AppStore|x86.ActiveCfg = Release|Any CPU
		{0974A25B-AB74-4840-A7FE-84F84C2F8F65}.AppStore|x86.Build.0 = Release|Any CPU
		{0974A25B-AB74-4840-A7FE-84F84C2F8F65}.Debug|Any CPU.ActiveCfg = Debug|Any CPU
		{0974A25B-AB74-4840-A7FE-84F84C2F8F65}.Debug|Any CPU.Build.0 = Debug|Any CPU
		{0974A25B-AB74-4840-A7FE-84F84C2F8F65}.Debug|ARM.ActiveCfg = Debug|Any CPU
		{0974A25B-AB74-4840-A7FE-84F84C2F8F65}.Debug|ARM.Build.0 = Debug|Any CPU
		{0974A25B-AB74-4840-A7FE-84F84C2F8F65}.Debug|iPhone.ActiveCfg = Debug|Any CPU
		{0974A25B-AB74-4840-A7FE-84F84C2F8F65}.Debug|iPhone.Build.0 = Debug|Any CPU
		{0974A25B-AB74-4840-A7FE-84F84C2F8F65}.Debug|iPhoneSimulator.ActiveCfg = Debug|Any CPU
		{0974A25B-AB74-4840-A7FE-84F84C2F8F65}.Debug|iPhoneSimulator.Build.0 = Debug|Any CPU
		{0974A25B-AB74-4840-A7FE-84F84C2F8F65}.Debug|x64.ActiveCfg = Debug|Any CPU
		{0974A25B-AB74-4840-A7FE-84F84C2F8F65}.Debug|x64.Build.0 = Debug|Any CPU
		{0974A25B-AB74-4840-A7FE-84F84C2F8F65}.Debug|x86.ActiveCfg = Debug|Any CPU
		{0974A25B-AB74-4840-A7FE-84F84C2F8F65}.Debug|x86.Build.0 = Debug|Any CPU
		{0974A25B-AB74-4840-A7FE-84F84C2F8F65}.Release|Any CPU.ActiveCfg = Release|Any CPU
		{0974A25B-AB74-4840-A7FE-84F84C2F8F65}.Release|Any CPU.Build.0 = Release|Any CPU
		{0974A25B-AB74-4840-A7FE-84F84C2F8F65}.Release|ARM.ActiveCfg = Release|Any CPU
		{0974A25B-AB74-4840-A7FE-84F84C2F8F65}.Release|ARM.Build.0 = Release|Any CPU
		{0974A25B-AB74-4840-A7FE-84F84C2F8F65}.Release|iPhone.ActiveCfg = Release|Any CPU
		{0974A25B-AB74-4840-A7FE-84F84C2F8F65}.Release|iPhone.Build.0 = Release|Any CPU
		{0974A25B-AB74-4840-A7FE-84F84C2F8F65}.Release|iPhoneSimulator.ActiveCfg = Release|Any CPU
		{0974A25B-AB74-4840-A7FE-84F84C2F8F65}.Release|iPhoneSimulator.Build.0 = Release|Any CPU
		{0974A25B-AB74-4840-A7FE-84F84C2F8F65}.Release|x64.ActiveCfg = Release|Any CPU
		{0974A25B-AB74-4840-A7FE-84F84C2F8F65}.Release|x64.Build.0 = Release|Any CPU
		{0974A25B-AB74-4840-A7FE-84F84C2F8F65}.Release|x86.ActiveCfg = Release|Any CPU
		{0974A25B-AB74-4840-A7FE-84F84C2F8F65}.Release|x86.Build.0 = Release|Any CPU
		{8D750D15-184B-421D-91A0-3D4E0E4028D8}.Ad-Hoc|Any CPU.ActiveCfg = Release|Any CPU
		{8D750D15-184B-421D-91A0-3D4E0E4028D8}.Ad-Hoc|Any CPU.Build.0 = Release|Any CPU
		{8D750D15-184B-421D-91A0-3D4E0E4028D8}.Ad-Hoc|Any CPU.Deploy.0 = Release|Any CPU
		{8D750D15-184B-421D-91A0-3D4E0E4028D8}.Ad-Hoc|ARM.ActiveCfg = Release|Any CPU
		{8D750D15-184B-421D-91A0-3D4E0E4028D8}.Ad-Hoc|ARM.Build.0 = Release|Any CPU
		{8D750D15-184B-421D-91A0-3D4E0E4028D8}.Ad-Hoc|ARM.Deploy.0 = Release|Any CPU
		{8D750D15-184B-421D-91A0-3D4E0E4028D8}.Ad-Hoc|iPhone.ActiveCfg = Release|Any CPU
		{8D750D15-184B-421D-91A0-3D4E0E4028D8}.Ad-Hoc|iPhone.Build.0 = Release|Any CPU
		{8D750D15-184B-421D-91A0-3D4E0E4028D8}.Ad-Hoc|iPhone.Deploy.0 = Release|Any CPU
		{8D750D15-184B-421D-91A0-3D4E0E4028D8}.Ad-Hoc|iPhoneSimulator.ActiveCfg = Release|Any CPU
		{8D750D15-184B-421D-91A0-3D4E0E4028D8}.Ad-Hoc|iPhoneSimulator.Build.0 = Release|Any CPU
		{8D750D15-184B-421D-91A0-3D4E0E4028D8}.Ad-Hoc|iPhoneSimulator.Deploy.0 = Release|Any CPU
		{8D750D15-184B-421D-91A0-3D4E0E4028D8}.Ad-Hoc|x64.ActiveCfg = Release|Any CPU
		{8D750D15-184B-421D-91A0-3D4E0E4028D8}.Ad-Hoc|x64.Build.0 = Release|Any CPU
		{8D750D15-184B-421D-91A0-3D4E0E4028D8}.Ad-Hoc|x64.Deploy.0 = Release|Any CPU
		{8D750D15-184B-421D-91A0-3D4E0E4028D8}.Ad-Hoc|x86.ActiveCfg = Release|Any CPU
		{8D750D15-184B-421D-91A0-3D4E0E4028D8}.Ad-Hoc|x86.Build.0 = Release|Any CPU
		{8D750D15-184B-421D-91A0-3D4E0E4028D8}.Ad-Hoc|x86.Deploy.0 = Release|Any CPU
		{8D750D15-184B-421D-91A0-3D4E0E4028D8}.AppStore|Any CPU.ActiveCfg = Release|Any CPU
		{8D750D15-184B-421D-91A0-3D4E0E4028D8}.AppStore|Any CPU.Build.0 = Release|Any CPU
		{8D750D15-184B-421D-91A0-3D4E0E4028D8}.AppStore|Any CPU.Deploy.0 = Release|Any CPU
		{8D750D15-184B-421D-91A0-3D4E0E4028D8}.AppStore|ARM.ActiveCfg = Release|Any CPU
		{8D750D15-184B-421D-91A0-3D4E0E4028D8}.AppStore|ARM.Build.0 = Release|Any CPU
		{8D750D15-184B-421D-91A0-3D4E0E4028D8}.AppStore|ARM.Deploy.0 = Release|Any CPU
		{8D750D15-184B-421D-91A0-3D4E0E4028D8}.AppStore|iPhone.ActiveCfg = Release|Any CPU
		{8D750D15-184B-421D-91A0-3D4E0E4028D8}.AppStore|iPhone.Build.0 = Release|Any CPU
		{8D750D15-184B-421D-91A0-3D4E0E4028D8}.AppStore|iPhone.Deploy.0 = Release|Any CPU
		{8D750D15-184B-421D-91A0-3D4E0E4028D8}.AppStore|iPhoneSimulator.ActiveCfg = Release|Any CPU
		{8D750D15-184B-421D-91A0-3D4E0E4028D8}.AppStore|iPhoneSimulator.Build.0 = Release|Any CPU
		{8D750D15-184B-421D-91A0-3D4E0E4028D8}.AppStore|iPhoneSimulator.Deploy.0 = Release|Any CPU
		{8D750D15-184B-421D-91A0-3D4E0E4028D8}.AppStore|x64.ActiveCfg = Release|Any CPU
		{8D750D15-184B-421D-91A0-3D4E0E4028D8}.AppStore|x64.Build.0 = Release|Any CPU
		{8D750D15-184B-421D-91A0-3D4E0E4028D8}.AppStore|x64.Deploy.0 = Release|Any CPU
		{8D750D15-184B-421D-91A0-3D4E0E4028D8}.AppStore|x86.ActiveCfg = Release|Any CPU
		{8D750D15-184B-421D-91A0-3D4E0E4028D8}.AppStore|x86.Build.0 = Release|Any CPU
		{8D750D15-184B-421D-91A0-3D4E0E4028D8}.AppStore|x86.Deploy.0 = Release|Any CPU
		{8D750D15-184B-421D-91A0-3D4E0E4028D8}.Debug|Any CPU.ActiveCfg = Debug|Any CPU
		{8D750D15-184B-421D-91A0-3D4E0E4028D8}.Debug|Any CPU.Build.0 = Debug|Any CPU
		{8D750D15-184B-421D-91A0-3D4E0E4028D8}.Debug|Any CPU.Deploy.0 = Debug|Any CPU
		{8D750D15-184B-421D-91A0-3D4E0E4028D8}.Debug|ARM.ActiveCfg = Debug|Any CPU
		{8D750D15-184B-421D-91A0-3D4E0E4028D8}.Debug|ARM.Build.0 = Debug|Any CPU
		{8D750D15-184B-421D-91A0-3D4E0E4028D8}.Debug|ARM.Deploy.0 = Debug|Any CPU
		{8D750D15-184B-421D-91A0-3D4E0E4028D8}.Debug|iPhone.ActiveCfg = Debug|Any CPU
		{8D750D15-184B-421D-91A0-3D4E0E4028D8}.Debug|iPhone.Build.0 = Debug|Any CPU
		{8D750D15-184B-421D-91A0-3D4E0E4028D8}.Debug|iPhone.Deploy.0 = Debug|Any CPU
		{8D750D15-184B-421D-91A0-3D4E0E4028D8}.Debug|iPhoneSimulator.ActiveCfg = Debug|Any CPU
		{8D750D15-184B-421D-91A0-3D4E0E4028D8}.Debug|iPhoneSimulator.Build.0 = Debug|Any CPU
		{8D750D15-184B-421D-91A0-3D4E0E4028D8}.Debug|iPhoneSimulator.Deploy.0 = Debug|Any CPU
		{8D750D15-184B-421D-91A0-3D4E0E4028D8}.Debug|x64.ActiveCfg = Debug|Any CPU
		{8D750D15-184B-421D-91A0-3D4E0E4028D8}.Debug|x64.Build.0 = Debug|Any CPU
		{8D750D15-184B-421D-91A0-3D4E0E4028D8}.Debug|x64.Deploy.0 = Debug|Any CPU
		{8D750D15-184B-421D-91A0-3D4E0E4028D8}.Debug|x86.ActiveCfg = Debug|Any CPU
		{8D750D15-184B-421D-91A0-3D4E0E4028D8}.Debug|x86.Build.0 = Debug|Any CPU
		{8D750D15-184B-421D-91A0-3D4E0E4028D8}.Debug|x86.Deploy.0 = Debug|Any CPU
		{8D750D15-184B-421D-91A0-3D4E0E4028D8}.Release|Any CPU.ActiveCfg = Release|Any CPU
		{8D750D15-184B-421D-91A0-3D4E0E4028D8}.Release|Any CPU.Build.0 = Release|Any CPU
		{8D750D15-184B-421D-91A0-3D4E0E4028D8}.Release|Any CPU.Deploy.0 = Release|Any CPU
		{8D750D15-184B-421D-91A0-3D4E0E4028D8}.Release|ARM.ActiveCfg = Release|Any CPU
		{8D750D15-184B-421D-91A0-3D4E0E4028D8}.Release|ARM.Build.0 = Release|Any CPU
		{8D750D15-184B-421D-91A0-3D4E0E4028D8}.Release|ARM.Deploy.0 = Release|Any CPU
		{8D750D15-184B-421D-91A0-3D4E0E4028D8}.Release|iPhone.ActiveCfg = Release|Any CPU
		{8D750D15-184B-421D-91A0-3D4E0E4028D8}.Release|iPhone.Build.0 = Release|Any CPU
		{8D750D15-184B-421D-91A0-3D4E0E4028D8}.Release|iPhone.Deploy.0 = Release|Any CPU
		{8D750D15-184B-421D-91A0-3D4E0E4028D8}.Release|iPhoneSimulator.ActiveCfg = Release|Any CPU
		{8D750D15-184B-421D-91A0-3D4E0E4028D8}.Release|iPhoneSimulator.Build.0 = Release|Any CPU
		{8D750D15-184B-421D-91A0-3D4E0E4028D8}.Release|iPhoneSimulator.Deploy.0 = Release|Any CPU
		{8D750D15-184B-421D-91A0-3D4E0E4028D8}.Release|x64.ActiveCfg = Release|Any CPU
		{8D750D15-184B-421D-91A0-3D4E0E4028D8}.Release|x64.Build.0 = Release|Any CPU
		{8D750D15-184B-421D-91A0-3D4E0E4028D8}.Release|x64.Deploy.0 = Release|Any CPU
		{8D750D15-184B-421D-91A0-3D4E0E4028D8}.Release|x86.ActiveCfg = Release|Any CPU
		{8D750D15-184B-421D-91A0-3D4E0E4028D8}.Release|x86.Build.0 = Release|Any CPU
		{8D750D15-184B-421D-91A0-3D4E0E4028D8}.Release|x86.Deploy.0 = Release|Any CPU
		{F9F991C9-D56C-4E17-AB00-C45AD16D302C}.Ad-Hoc|Any CPU.ActiveCfg = Ad-Hoc|iPhone
		{F9F991C9-D56C-4E17-AB00-C45AD16D302C}.Ad-Hoc|ARM.ActiveCfg = Ad-Hoc|iPhone
		{F9F991C9-D56C-4E17-AB00-C45AD16D302C}.Ad-Hoc|iPhone.ActiveCfg = Ad-Hoc|iPhone
		{F9F991C9-D56C-4E17-AB00-C45AD16D302C}.Ad-Hoc|iPhone.Build.0 = Ad-Hoc|iPhone
		{F9F991C9-D56C-4E17-AB00-C45AD16D302C}.Ad-Hoc|iPhoneSimulator.ActiveCfg = Ad-Hoc|iPhoneSimulator
		{F9F991C9-D56C-4E17-AB00-C45AD16D302C}.Ad-Hoc|iPhoneSimulator.Build.0 = Ad-Hoc|iPhoneSimulator
		{F9F991C9-D56C-4E17-AB00-C45AD16D302C}.Ad-Hoc|x64.ActiveCfg = Ad-Hoc|iPhone
		{F9F991C9-D56C-4E17-AB00-C45AD16D302C}.Ad-Hoc|x86.ActiveCfg = Ad-Hoc|iPhone
		{F9F991C9-D56C-4E17-AB00-C45AD16D302C}.AppStore|Any CPU.ActiveCfg = AppStore|iPhone
		{F9F991C9-D56C-4E17-AB00-C45AD16D302C}.AppStore|ARM.ActiveCfg = AppStore|iPhone
		{F9F991C9-D56C-4E17-AB00-C45AD16D302C}.AppStore|iPhone.ActiveCfg = AppStore|iPhone
		{F9F991C9-D56C-4E17-AB00-C45AD16D302C}.AppStore|iPhone.Build.0 = AppStore|iPhone
		{F9F991C9-D56C-4E17-AB00-C45AD16D302C}.AppStore|iPhoneSimulator.ActiveCfg = AppStore|iPhoneSimulator
		{F9F991C9-D56C-4E17-AB00-C45AD16D302C}.AppStore|iPhoneSimulator.Build.0 = AppStore|iPhoneSimulator
		{F9F991C9-D56C-4E17-AB00-C45AD16D302C}.AppStore|x64.ActiveCfg = AppStore|iPhone
		{F9F991C9-D56C-4E17-AB00-C45AD16D302C}.AppStore|x86.ActiveCfg = AppStore|iPhone
		{F9F991C9-D56C-4E17-AB00-C45AD16D302C}.Debug|Any CPU.ActiveCfg = Debug|iPhone
		{F9F991C9-D56C-4E17-AB00-C45AD16D302C}.Debug|ARM.ActiveCfg = Debug|iPhone
		{F9F991C9-D56C-4E17-AB00-C45AD16D302C}.Debug|iPhone.ActiveCfg = Debug|iPhone
		{F9F991C9-D56C-4E17-AB00-C45AD16D302C}.Debug|iPhone.Build.0 = Debug|iPhone
		{F9F991C9-D56C-4E17-AB00-C45AD16D302C}.Debug|iPhoneSimulator.ActiveCfg = Debug|iPhoneSimulator
		{F9F991C9-D56C-4E17-AB00-C45AD16D302C}.Debug|iPhoneSimulator.Build.0 = Debug|iPhoneSimulator
		{F9F991C9-D56C-4E17-AB00-C45AD16D302C}.Debug|x64.ActiveCfg = Debug|iPhone
		{F9F991C9-D56C-4E17-AB00-C45AD16D302C}.Debug|x86.ActiveCfg = Debug|iPhone
		{F9F991C9-D56C-4E17-AB00-C45AD16D302C}.Release|Any CPU.ActiveCfg = Release|iPhone
		{F9F991C9-D56C-4E17-AB00-C45AD16D302C}.Release|ARM.ActiveCfg = Release|iPhone
		{F9F991C9-D56C-4E17-AB00-C45AD16D302C}.Release|iPhone.ActiveCfg = Release|iPhone
		{F9F991C9-D56C-4E17-AB00-C45AD16D302C}.Release|iPhone.Build.0 = Release|iPhone
		{F9F991C9-D56C-4E17-AB00-C45AD16D302C}.Release|iPhoneSimulator.ActiveCfg = Release|iPhoneSimulator
		{F9F991C9-D56C-4E17-AB00-C45AD16D302C}.Release|iPhoneSimulator.Build.0 = Release|iPhoneSimulator
		{F9F991C9-D56C-4E17-AB00-C45AD16D302C}.Release|x64.ActiveCfg = Release|iPhone
		{F9F991C9-D56C-4E17-AB00-C45AD16D302C}.Release|x86.ActiveCfg = Release|iPhone
		{894D7033-E5AD-4733-AC70-7DC9E80C1B0A}.Ad-Hoc|Any CPU.ActiveCfg = Release|Any CPU
		{894D7033-E5AD-4733-AC70-7DC9E80C1B0A}.Ad-Hoc|Any CPU.Build.0 = Release|Any CPU
		{894D7033-E5AD-4733-AC70-7DC9E80C1B0A}.Ad-Hoc|Any CPU.Deploy.0 = Release|Any CPU
		{894D7033-E5AD-4733-AC70-7DC9E80C1B0A}.Ad-Hoc|ARM.ActiveCfg = Release|ARM
		{894D7033-E5AD-4733-AC70-7DC9E80C1B0A}.Ad-Hoc|ARM.Build.0 = Release|ARM
		{894D7033-E5AD-4733-AC70-7DC9E80C1B0A}.Ad-Hoc|ARM.Deploy.0 = Release|ARM
		{894D7033-E5AD-4733-AC70-7DC9E80C1B0A}.Ad-Hoc|iPhone.ActiveCfg = Release|Any CPU
		{894D7033-E5AD-4733-AC70-7DC9E80C1B0A}.Ad-Hoc|iPhone.Build.0 = Release|Any CPU
		{894D7033-E5AD-4733-AC70-7DC9E80C1B0A}.Ad-Hoc|iPhone.Deploy.0 = Release|Any CPU
		{894D7033-E5AD-4733-AC70-7DC9E80C1B0A}.Ad-Hoc|iPhoneSimulator.ActiveCfg = Release|Any CPU
		{894D7033-E5AD-4733-AC70-7DC9E80C1B0A}.Ad-Hoc|iPhoneSimulator.Build.0 = Release|Any CPU
		{894D7033-E5AD-4733-AC70-7DC9E80C1B0A}.Ad-Hoc|iPhoneSimulator.Deploy.0 = Release|Any CPU
		{894D7033-E5AD-4733-AC70-7DC9E80C1B0A}.Ad-Hoc|x64.ActiveCfg = Release|Any CPU
		{894D7033-E5AD-4733-AC70-7DC9E80C1B0A}.Ad-Hoc|x64.Build.0 = Release|Any CPU
		{894D7033-E5AD-4733-AC70-7DC9E80C1B0A}.Ad-Hoc|x64.Deploy.0 = Release|Any CPU
		{894D7033-E5AD-4733-AC70-7DC9E80C1B0A}.Ad-Hoc|x86.ActiveCfg = Release|x86
		{894D7033-E5AD-4733-AC70-7DC9E80C1B0A}.Ad-Hoc|x86.Build.0 = Release|x86
		{894D7033-E5AD-4733-AC70-7DC9E80C1B0A}.Ad-Hoc|x86.Deploy.0 = Release|x86
		{894D7033-E5AD-4733-AC70-7DC9E80C1B0A}.AppStore|Any CPU.ActiveCfg = Release|Any CPU
		{894D7033-E5AD-4733-AC70-7DC9E80C1B0A}.AppStore|Any CPU.Build.0 = Release|Any CPU
		{894D7033-E5AD-4733-AC70-7DC9E80C1B0A}.AppStore|Any CPU.Deploy.0 = Release|Any CPU
		{894D7033-E5AD-4733-AC70-7DC9E80C1B0A}.AppStore|ARM.ActiveCfg = Release|ARM
		{894D7033-E5AD-4733-AC70-7DC9E80C1B0A}.AppStore|ARM.Build.0 = Release|ARM
		{894D7033-E5AD-4733-AC70-7DC9E80C1B0A}.AppStore|ARM.Deploy.0 = Release|ARM
		{894D7033-E5AD-4733-AC70-7DC9E80C1B0A}.AppStore|iPhone.ActiveCfg = Release|Any CPU
		{894D7033-E5AD-4733-AC70-7DC9E80C1B0A}.AppStore|iPhone.Build.0 = Release|Any CPU
		{894D7033-E5AD-4733-AC70-7DC9E80C1B0A}.AppStore|iPhone.Deploy.0 = Release|Any CPU
		{894D7033-E5AD-4733-AC70-7DC9E80C1B0A}.AppStore|iPhoneSimulator.ActiveCfg = Release|Any CPU
		{894D7033-E5AD-4733-AC70-7DC9E80C1B0A}.AppStore|iPhoneSimulator.Build.0 = Release|Any CPU
		{894D7033-E5AD-4733-AC70-7DC9E80C1B0A}.AppStore|iPhoneSimulator.Deploy.0 = Release|Any CPU
		{894D7033-E5AD-4733-AC70-7DC9E80C1B0A}.AppStore|x64.ActiveCfg = Release|Any CPU
		{894D7033-E5AD-4733-AC70-7DC9E80C1B0A}.AppStore|x64.Build.0 = Release|Any CPU
		{894D7033-E5AD-4733-AC70-7DC9E80C1B0A}.AppStore|x64.Deploy.0 = Release|Any CPU
		{894D7033-E5AD-4733-AC70-7DC9E80C1B0A}.AppStore|x86.ActiveCfg = Release|x86
		{894D7033-E5AD-4733-AC70-7DC9E80C1B0A}.AppStore|x86.Build.0 = Release|x86
		{894D7033-E5AD-4733-AC70-7DC9E80C1B0A}.AppStore|x86.Deploy.0 = Release|x86
		{894D7033-E5AD-4733-AC70-7DC9E80C1B0A}.Debug|Any CPU.ActiveCfg = Debug|Any CPU
		{894D7033-E5AD-4733-AC70-7DC9E80C1B0A}.Debug|Any CPU.Build.0 = Debug|Any CPU
		{894D7033-E5AD-4733-AC70-7DC9E80C1B0A}.Debug|Any CPU.Deploy.0 = Debug|Any CPU
		{894D7033-E5AD-4733-AC70-7DC9E80C1B0A}.Debug|ARM.ActiveCfg = Debug|ARM
		{894D7033-E5AD-4733-AC70-7DC9E80C1B0A}.Debug|ARM.Build.0 = Debug|ARM
		{894D7033-E5AD-4733-AC70-7DC9E80C1B0A}.Debug|ARM.Deploy.0 = Debug|ARM
		{894D7033-E5AD-4733-AC70-7DC9E80C1B0A}.Debug|iPhone.ActiveCfg = Debug|Any CPU
		{894D7033-E5AD-4733-AC70-7DC9E80C1B0A}.Debug|iPhone.Build.0 = Debug|Any CPU
		{894D7033-E5AD-4733-AC70-7DC9E80C1B0A}.Debug|iPhone.Deploy.0 = Debug|Any CPU
		{894D7033-E5AD-4733-AC70-7DC9E80C1B0A}.Debug|iPhoneSimulator.ActiveCfg = Debug|Any CPU
		{894D7033-E5AD-4733-AC70-7DC9E80C1B0A}.Debug|iPhoneSimulator.Build.0 = Debug|Any CPU
		{894D7033-E5AD-4733-AC70-7DC9E80C1B0A}.Debug|iPhoneSimulator.Deploy.0 = Debug|Any CPU
		{894D7033-E5AD-4733-AC70-7DC9E80C1B0A}.Debug|x64.ActiveCfg = Debug|Any CPU
		{894D7033-E5AD-4733-AC70-7DC9E80C1B0A}.Debug|x64.Build.0 = Debug|Any CPU
		{894D7033-E5AD-4733-AC70-7DC9E80C1B0A}.Debug|x64.Deploy.0 = Debug|Any CPU
		{894D7033-E5AD-4733-AC70-7DC9E80C1B0A}.Debug|x86.ActiveCfg = Debug|x86
		{894D7033-E5AD-4733-AC70-7DC9E80C1B0A}.Debug|x86.Build.0 = Debug|x86
		{894D7033-E5AD-4733-AC70-7DC9E80C1B0A}.Debug|x86.Deploy.0 = Debug|x86
		{894D7033-E5AD-4733-AC70-7DC9E80C1B0A}.Release|Any CPU.ActiveCfg = Release|Any CPU
		{894D7033-E5AD-4733-AC70-7DC9E80C1B0A}.Release|Any CPU.Build.0 = Release|Any CPU
		{894D7033-E5AD-4733-AC70-7DC9E80C1B0A}.Release|Any CPU.Deploy.0 = Release|Any CPU
		{894D7033-E5AD-4733-AC70-7DC9E80C1B0A}.Release|ARM.ActiveCfg = Release|ARM
		{894D7033-E5AD-4733-AC70-7DC9E80C1B0A}.Release|ARM.Build.0 = Release|ARM
		{894D7033-E5AD-4733-AC70-7DC9E80C1B0A}.Release|ARM.Deploy.0 = Release|ARM
		{894D7033-E5AD-4733-AC70-7DC9E80C1B0A}.Release|iPhone.ActiveCfg = Release|Any CPU
		{894D7033-E5AD-4733-AC70-7DC9E80C1B0A}.Release|iPhone.Build.0 = Release|Any CPU
		{894D7033-E5AD-4733-AC70-7DC9E80C1B0A}.Release|iPhone.Deploy.0 = Release|Any CPU
		{894D7033-E5AD-4733-AC70-7DC9E80C1B0A}.Release|iPhoneSimulator.ActiveCfg = Release|Any CPU
		{894D7033-E5AD-4733-AC70-7DC9E80C1B0A}.Release|iPhoneSimulator.Build.0 = Release|Any CPU
		{894D7033-E5AD-4733-AC70-7DC9E80C1B0A}.Release|iPhoneSimulator.Deploy.0 = Release|Any CPU
		{894D7033-E5AD-4733-AC70-7DC9E80C1B0A}.Release|x64.ActiveCfg = Release|Any CPU
		{894D7033-E5AD-4733-AC70-7DC9E80C1B0A}.Release|x64.Build.0 = Release|Any CPU
		{894D7033-E5AD-4733-AC70-7DC9E80C1B0A}.Release|x64.Deploy.0 = Release|Any CPU
		{894D7033-E5AD-4733-AC70-7DC9E80C1B0A}.Release|x86.ActiveCfg = Release|x86
		{894D7033-E5AD-4733-AC70-7DC9E80C1B0A}.Release|x86.Build.0 = Release|x86
		{894D7033-E5AD-4733-AC70-7DC9E80C1B0A}.Release|x86.Deploy.0 = Release|x86
		{AEECB9DF-A784-45DC-91DD-8F0ACCDEC0C1}.Ad-Hoc|Any CPU.ActiveCfg = Release|x86
		{AEECB9DF-A784-45DC-91DD-8F0ACCDEC0C1}.Ad-Hoc|Any CPU.Build.0 = Release|x86
		{AEECB9DF-A784-45DC-91DD-8F0ACCDEC0C1}.Ad-Hoc|Any CPU.Deploy.0 = Release|x86
		{AEECB9DF-A784-45DC-91DD-8F0ACCDEC0C1}.Ad-Hoc|ARM.ActiveCfg = Release|ARM
		{AEECB9DF-A784-45DC-91DD-8F0ACCDEC0C1}.Ad-Hoc|ARM.Build.0 = Release|ARM
		{AEECB9DF-A784-45DC-91DD-8F0ACCDEC0C1}.Ad-Hoc|ARM.Deploy.0 = Release|ARM
		{AEECB9DF-A784-45DC-91DD-8F0ACCDEC0C1}.Ad-Hoc|iPhone.ActiveCfg = Release|x86
		{AEECB9DF-A784-45DC-91DD-8F0ACCDEC0C1}.Ad-Hoc|iPhone.Build.0 = Release|x86
		{AEECB9DF-A784-45DC-91DD-8F0ACCDEC0C1}.Ad-Hoc|iPhone.Deploy.0 = Release|x86
		{AEECB9DF-A784-45DC-91DD-8F0ACCDEC0C1}.Ad-Hoc|iPhoneSimulator.ActiveCfg = Release|x86
		{AEECB9DF-A784-45DC-91DD-8F0ACCDEC0C1}.Ad-Hoc|iPhoneSimulator.Build.0 = Release|x86
		{AEECB9DF-A784-45DC-91DD-8F0ACCDEC0C1}.Ad-Hoc|iPhoneSimulator.Deploy.0 = Release|x86
		{AEECB9DF-A784-45DC-91DD-8F0ACCDEC0C1}.Ad-Hoc|x64.ActiveCfg = Release|x64
		{AEECB9DF-A784-45DC-91DD-8F0ACCDEC0C1}.Ad-Hoc|x64.Build.0 = Release|x64
		{AEECB9DF-A784-45DC-91DD-8F0ACCDEC0C1}.Ad-Hoc|x64.Deploy.0 = Release|x64
		{AEECB9DF-A784-45DC-91DD-8F0ACCDEC0C1}.Ad-Hoc|x86.ActiveCfg = Release|x86
		{AEECB9DF-A784-45DC-91DD-8F0ACCDEC0C1}.Ad-Hoc|x86.Build.0 = Release|x86
		{AEECB9DF-A784-45DC-91DD-8F0ACCDEC0C1}.Ad-Hoc|x86.Deploy.0 = Release|x86
		{AEECB9DF-A784-45DC-91DD-8F0ACCDEC0C1}.AppStore|Any CPU.ActiveCfg = Release|x86
		{AEECB9DF-A784-45DC-91DD-8F0ACCDEC0C1}.AppStore|Any CPU.Build.0 = Release|x86
		{AEECB9DF-A784-45DC-91DD-8F0ACCDEC0C1}.AppStore|Any CPU.Deploy.0 = Release|x86
		{AEECB9DF-A784-45DC-91DD-8F0ACCDEC0C1}.AppStore|ARM.ActiveCfg = Release|ARM
		{AEECB9DF-A784-45DC-91DD-8F0ACCDEC0C1}.AppStore|ARM.Build.0 = Release|ARM
		{AEECB9DF-A784-45DC-91DD-8F0ACCDEC0C1}.AppStore|ARM.Deploy.0 = Release|ARM
		{AEECB9DF-A784-45DC-91DD-8F0ACCDEC0C1}.AppStore|iPhone.ActiveCfg = Release|x86
		{AEECB9DF-A784-45DC-91DD-8F0ACCDEC0C1}.AppStore|iPhone.Build.0 = Release|x86
		{AEECB9DF-A784-45DC-91DD-8F0ACCDEC0C1}.AppStore|iPhone.Deploy.0 = Release|x86
		{AEECB9DF-A784-45DC-91DD-8F0ACCDEC0C1}.AppStore|iPhoneSimulator.ActiveCfg = Release|x86
		{AEECB9DF-A784-45DC-91DD-8F0ACCDEC0C1}.AppStore|iPhoneSimulator.Build.0 = Release|x86
		{AEECB9DF-A784-45DC-91DD-8F0ACCDEC0C1}.AppStore|iPhoneSimulator.Deploy.0 = Release|x86
		{AEECB9DF-A784-45DC-91DD-8F0ACCDEC0C1}.AppStore|x64.ActiveCfg = Release|x64
		{AEECB9DF-A784-45DC-91DD-8F0ACCDEC0C1}.AppStore|x64.Build.0 = Release|x64
		{AEECB9DF-A784-45DC-91DD-8F0ACCDEC0C1}.AppStore|x64.Deploy.0 = Release|x64
		{AEECB9DF-A784-45DC-91DD-8F0ACCDEC0C1}.AppStore|x86.ActiveCfg = Release|x86
		{AEECB9DF-A784-45DC-91DD-8F0ACCDEC0C1}.AppStore|x86.Build.0 = Release|x86
		{AEECB9DF-A784-45DC-91DD-8F0ACCDEC0C1}.AppStore|x86.Deploy.0 = Release|x86
		{AEECB9DF-A784-45DC-91DD-8F0ACCDEC0C1}.Debug|Any CPU.ActiveCfg = Debug|x86
		{AEECB9DF-A784-45DC-91DD-8F0ACCDEC0C1}.Debug|ARM.ActiveCfg = Debug|ARM
		{AEECB9DF-A784-45DC-91DD-8F0ACCDEC0C1}.Debug|ARM.Build.0 = Debug|ARM
		{AEECB9DF-A784-45DC-91DD-8F0ACCDEC0C1}.Debug|ARM.Deploy.0 = Debug|ARM
		{AEECB9DF-A784-45DC-91DD-8F0ACCDEC0C1}.Debug|iPhone.ActiveCfg = Debug|x86
		{AEECB9DF-A784-45DC-91DD-8F0ACCDEC0C1}.Debug|iPhoneSimulator.ActiveCfg = Debug|x86
		{AEECB9DF-A784-45DC-91DD-8F0ACCDEC0C1}.Debug|x64.ActiveCfg = Debug|x64
		{AEECB9DF-A784-45DC-91DD-8F0ACCDEC0C1}.Debug|x64.Build.0 = Debug|x64
		{AEECB9DF-A784-45DC-91DD-8F0ACCDEC0C1}.Debug|x64.Deploy.0 = Debug|x64
		{AEECB9DF-A784-45DC-91DD-8F0ACCDEC0C1}.Debug|x86.ActiveCfg = Debug|x86
		{AEECB9DF-A784-45DC-91DD-8F0ACCDEC0C1}.Debug|x86.Build.0 = Debug|x86
		{AEECB9DF-A784-45DC-91DD-8F0ACCDEC0C1}.Debug|x86.Deploy.0 = Debug|x86
		{AEECB9DF-A784-45DC-91DD-8F0ACCDEC0C1}.Release|Any CPU.ActiveCfg = Release|x86
		{AEECB9DF-A784-45DC-91DD-8F0ACCDEC0C1}.Release|ARM.ActiveCfg = Release|ARM
		{AEECB9DF-A784-45DC-91DD-8F0ACCDEC0C1}.Release|ARM.Build.0 = Release|ARM
		{AEECB9DF-A784-45DC-91DD-8F0ACCDEC0C1}.Release|ARM.Deploy.0 = Release|ARM
		{AEECB9DF-A784-45DC-91DD-8F0ACCDEC0C1}.Release|iPhone.ActiveCfg = Release|x86
		{AEECB9DF-A784-45DC-91DD-8F0ACCDEC0C1}.Release|iPhoneSimulator.ActiveCfg = Release|x86
		{AEECB9DF-A784-45DC-91DD-8F0ACCDEC0C1}.Release|x64.ActiveCfg = Release|x64
		{AEECB9DF-A784-45DC-91DD-8F0ACCDEC0C1}.Release|x64.Build.0 = Release|x64
		{AEECB9DF-A784-45DC-91DD-8F0ACCDEC0C1}.Release|x64.Deploy.0 = Release|x64
		{AEECB9DF-A784-45DC-91DD-8F0ACCDEC0C1}.Release|x86.ActiveCfg = Release|x86
		{AEECB9DF-A784-45DC-91DD-8F0ACCDEC0C1}.Release|x86.Build.0 = Release|x86
		{AEECB9DF-A784-45DC-91DD-8F0ACCDEC0C1}.Release|x86.Deploy.0 = Release|x86
		{C348296B-BFF1-4EE1-909D-B2179A06DFE2}.Ad-Hoc|Any CPU.ActiveCfg = Release|Any CPU
		{C348296B-BFF1-4EE1-909D-B2179A06DFE2}.Ad-Hoc|Any CPU.Build.0 = Release|Any CPU
		{C348296B-BFF1-4EE1-909D-B2179A06DFE2}.Ad-Hoc|Any CPU.Deploy.0 = Release|Any CPU
		{C348296B-BFF1-4EE1-909D-B2179A06DFE2}.Ad-Hoc|ARM.ActiveCfg = Release|ARM
		{C348296B-BFF1-4EE1-909D-B2179A06DFE2}.Ad-Hoc|ARM.Build.0 = Release|ARM
		{C348296B-BFF1-4EE1-909D-B2179A06DFE2}.Ad-Hoc|ARM.Deploy.0 = Release|ARM
		{C348296B-BFF1-4EE1-909D-B2179A06DFE2}.Ad-Hoc|iPhone.ActiveCfg = Release|Any CPU
		{C348296B-BFF1-4EE1-909D-B2179A06DFE2}.Ad-Hoc|iPhone.Build.0 = Release|Any CPU
		{C348296B-BFF1-4EE1-909D-B2179A06DFE2}.Ad-Hoc|iPhone.Deploy.0 = Release|Any CPU
		{C348296B-BFF1-4EE1-909D-B2179A06DFE2}.Ad-Hoc|iPhoneSimulator.ActiveCfg = Release|Any CPU
		{C348296B-BFF1-4EE1-909D-B2179A06DFE2}.Ad-Hoc|iPhoneSimulator.Build.0 = Release|Any CPU
		{C348296B-BFF1-4EE1-909D-B2179A06DFE2}.Ad-Hoc|iPhoneSimulator.Deploy.0 = Release|Any CPU
		{C348296B-BFF1-4EE1-909D-B2179A06DFE2}.Ad-Hoc|x64.ActiveCfg = Release|x64
		{C348296B-BFF1-4EE1-909D-B2179A06DFE2}.Ad-Hoc|x64.Build.0 = Release|x64
		{C348296B-BFF1-4EE1-909D-B2179A06DFE2}.Ad-Hoc|x64.Deploy.0 = Release|x64
		{C348296B-BFF1-4EE1-909D-B2179A06DFE2}.Ad-Hoc|x86.ActiveCfg = Release|x86
		{C348296B-BFF1-4EE1-909D-B2179A06DFE2}.Ad-Hoc|x86.Build.0 = Release|x86
		{C348296B-BFF1-4EE1-909D-B2179A06DFE2}.Ad-Hoc|x86.Deploy.0 = Release|x86
		{C348296B-BFF1-4EE1-909D-B2179A06DFE2}.AppStore|Any CPU.ActiveCfg = Release|Any CPU
		{C348296B-BFF1-4EE1-909D-B2179A06DFE2}.AppStore|Any CPU.Build.0 = Release|Any CPU
		{C348296B-BFF1-4EE1-909D-B2179A06DFE2}.AppStore|Any CPU.Deploy.0 = Release|Any CPU
		{C348296B-BFF1-4EE1-909D-B2179A06DFE2}.AppStore|ARM.ActiveCfg = Release|ARM
		{C348296B-BFF1-4EE1-909D-B2179A06DFE2}.AppStore|ARM.Build.0 = Release|ARM
		{C348296B-BFF1-4EE1-909D-B2179A06DFE2}.AppStore|ARM.Deploy.0 = Release|ARM
		{C348296B-BFF1-4EE1-909D-B2179A06DFE2}.AppStore|iPhone.ActiveCfg = Release|Any CPU
		{C348296B-BFF1-4EE1-909D-B2179A06DFE2}.AppStore|iPhone.Build.0 = Release|Any CPU
		{C348296B-BFF1-4EE1-909D-B2179A06DFE2}.AppStore|iPhone.Deploy.0 = Release|Any CPU
		{C348296B-BFF1-4EE1-909D-B2179A06DFE2}.AppStore|iPhoneSimulator.ActiveCfg = Release|Any CPU
		{C348296B-BFF1-4EE1-909D-B2179A06DFE2}.AppStore|iPhoneSimulator.Build.0 = Release|Any CPU
		{C348296B-BFF1-4EE1-909D-B2179A06DFE2}.AppStore|iPhoneSimulator.Deploy.0 = Release|Any CPU
		{C348296B-BFF1-4EE1-909D-B2179A06DFE2}.AppStore|x64.ActiveCfg = Release|x64
		{C348296B-BFF1-4EE1-909D-B2179A06DFE2}.AppStore|x64.Build.0 = Release|x64
		{C348296B-BFF1-4EE1-909D-B2179A06DFE2}.AppStore|x64.Deploy.0 = Release|x64
		{C348296B-BFF1-4EE1-909D-B2179A06DFE2}.AppStore|x86.ActiveCfg = Release|x86
		{C348296B-BFF1-4EE1-909D-B2179A06DFE2}.AppStore|x86.Build.0 = Release|x86
		{C348296B-BFF1-4EE1-909D-B2179A06DFE2}.AppStore|x86.Deploy.0 = Release|x86
		{C348296B-BFF1-4EE1-909D-B2179A06DFE2}.Debug|Any CPU.ActiveCfg = Debug|Any CPU
		{C348296B-BFF1-4EE1-909D-B2179A06DFE2}.Debug|Any CPU.Build.0 = Debug|Any CPU
		{C348296B-BFF1-4EE1-909D-B2179A06DFE2}.Debug|Any CPU.Deploy.0 = Debug|Any CPU
		{C348296B-BFF1-4EE1-909D-B2179A06DFE2}.Debug|ARM.ActiveCfg = Debug|ARM
		{C348296B-BFF1-4EE1-909D-B2179A06DFE2}.Debug|ARM.Build.0 = Debug|ARM
		{C348296B-BFF1-4EE1-909D-B2179A06DFE2}.Debug|ARM.Deploy.0 = Debug|ARM
		{C348296B-BFF1-4EE1-909D-B2179A06DFE2}.Debug|iPhone.ActiveCfg = Debug|Any CPU
		{C348296B-BFF1-4EE1-909D-B2179A06DFE2}.Debug|iPhone.Build.0 = Debug|Any CPU
		{C348296B-BFF1-4EE1-909D-B2179A06DFE2}.Debug|iPhone.Deploy.0 = Debug|Any CPU
		{C348296B-BFF1-4EE1-909D-B2179A06DFE2}.Debug|iPhoneSimulator.ActiveCfg = Debug|Any CPU
		{C348296B-BFF1-4EE1-909D-B2179A06DFE2}.Debug|iPhoneSimulator.Build.0 = Debug|Any CPU
		{C348296B-BFF1-4EE1-909D-B2179A06DFE2}.Debug|iPhoneSimulator.Deploy.0 = Debug|Any CPU
		{C348296B-BFF1-4EE1-909D-B2179A06DFE2}.Debug|x64.ActiveCfg = Debug|x64
		{C348296B-BFF1-4EE1-909D-B2179A06DFE2}.Debug|x64.Build.0 = Debug|x64
		{C348296B-BFF1-4EE1-909D-B2179A06DFE2}.Debug|x64.Deploy.0 = Debug|x64
		{C348296B-BFF1-4EE1-909D-B2179A06DFE2}.Debug|x86.ActiveCfg = Debug|x86
		{C348296B-BFF1-4EE1-909D-B2179A06DFE2}.Debug|x86.Build.0 = Debug|x86
		{C348296B-BFF1-4EE1-909D-B2179A06DFE2}.Debug|x86.Deploy.0 = Debug|x86
		{C348296B-BFF1-4EE1-909D-B2179A06DFE2}.Release|Any CPU.ActiveCfg = Release|Any CPU
		{C348296B-BFF1-4EE1-909D-B2179A06DFE2}.Release|Any CPU.Build.0 = Release|Any CPU
		{C348296B-BFF1-4EE1-909D-B2179A06DFE2}.Release|Any CPU.Deploy.0 = Release|Any CPU
		{C348296B-BFF1-4EE1-909D-B2179A06DFE2}.Release|ARM.ActiveCfg = Release|ARM
		{C348296B-BFF1-4EE1-909D-B2179A06DFE2}.Release|ARM.Build.0 = Release|ARM
		{C348296B-BFF1-4EE1-909D-B2179A06DFE2}.Release|ARM.Deploy.0 = Release|ARM
		{C348296B-BFF1-4EE1-909D-B2179A06DFE2}.Release|iPhone.ActiveCfg = Release|Any CPU
		{C348296B-BFF1-4EE1-909D-B2179A06DFE2}.Release|iPhone.Build.0 = Release|Any CPU
		{C348296B-BFF1-4EE1-909D-B2179A06DFE2}.Release|iPhone.Deploy.0 = Release|Any CPU
		{C348296B-BFF1-4EE1-909D-B2179A06DFE2}.Release|iPhoneSimulator.ActiveCfg = Release|Any CPU
		{C348296B-BFF1-4EE1-909D-B2179A06DFE2}.Release|iPhoneSimulator.Build.0 = Release|Any CPU
		{C348296B-BFF1-4EE1-909D-B2179A06DFE2}.Release|iPhoneSimulator.Deploy.0 = Release|Any CPU
		{C348296B-BFF1-4EE1-909D-B2179A06DFE2}.Release|x64.ActiveCfg = Release|x64
		{C348296B-BFF1-4EE1-909D-B2179A06DFE2}.Release|x64.Build.0 = Release|x64
		{C348296B-BFF1-4EE1-909D-B2179A06DFE2}.Release|x64.Deploy.0 = Release|x64
		{C348296B-BFF1-4EE1-909D-B2179A06DFE2}.Release|x86.ActiveCfg = Release|x86
		{C348296B-BFF1-4EE1-909D-B2179A06DFE2}.Release|x86.Build.0 = Release|x86
		{C348296B-BFF1-4EE1-909D-B2179A06DFE2}.Release|x86.Deploy.0 = Release|x86
	EndGlobalSection
	GlobalSection(SolutionProperties) = preSolution
		HideSolutionNode = FALSE
	EndGlobalSection
EndGlobal
